
Microsoft Visual Studio Solution File, Format Version 12.00
# Visual Studio Version 17
VisualStudioVersion = 17.8.34330.188
MinimumVisualStudioVersion = 10.0.40219.1
Project("{FAE04EC0-301F-11D3-BF4B-00C04F79EFBC}") = "SysTINSApp", "SysTINSApp\SysTINSApp.csproj", "{17A8CDCB-B803-4109-B4BB-0EBC67213B2D}"
EndProject
Project("{FAE04EC0-301F-11D3-BF4B-00C04F79EFBC}") = "SysTINSClass", "SysTINSClass\SysTINSClass.csproj", "{0746828D-09FD-4C06-8D3E-B7722DF6BF06}"
EndProject
Global
	GlobalSection(SolutionConfigurationPlatforms) = preSolution
		Debug|Any CPU = Debug|Any CPU
		Release|Any CPU = Release|Any CPU
	EndGlobalSection
	GlobalSection(ProjectConfigurationPlatforms) = postSolution
		{17A8CDCB-B803-4109-B4BB-0EBC67213B2D}.Debug|Any CPU.ActiveCfg = Debug|Any CPU
		{17A8CDCB-B803-4109-B4BB-0EBC67213B2D}.Debug|Any CPU.Build.0 = Debug|Any CPU
		{17A8CDCB-B803-4109-B4BB-0EBC67213B2D}.Release|Any CPU.ActiveCfg = Release|Any CPU
		{17A8CDCB-B803-4109-B4BB-0EBC67213B2D}.Release|Any CPU.Build.0 = Release|Any CPU
		{0746828D-09FD-4C06-8D3E-B7722DF6BF06}.Debug|Any CPU.ActiveCfg = Debug|Any CPU
		{0746828D-09FD-4C06-8D3E-B7722DF6BF06}.Debug|Any CPU.Build.0 = Debug|Any CPU
		{0746828D-09FD-4C06-8D3E-B7722DF6BF06}.Release|Any CPU.ActiveCfg = Release|Any CPU
		{0746828D-09FD-4C06-8D3E-B7722DF6BF06}.Release|Any CPU.Build.0 = Release|Any CPU
	EndGlobalSection
	GlobalSection(SolutionProperties) = preSolution
		HideSolutionNode = FALSE
	EndGlobalSection
	GlobalSection(ExtensibilityGlobals) = postSolution
		SolutionGuid = {5EBC8552-3235-4382-B8F9-4E308E1BB36B}
	EndGlobalSection
EndGlobal
